
Microsoft Visual Studio Solution File, Format Version 12.00
# Visual Studio Version 17
VisualStudioVersion = 17.10.35201.131
MinimumVisualStudioVersion = 10.0.40219.1
Project("{FAE04EC0-301F-11D3-BF4B-00C04F79EFBC}") = "WebApplication4", "WebApplication4.csproj", "{B0DCB8F5-C590-4FD3-9B5C-C1E7D4512C6B}"
EndProject
Global
	GlobalSection(SolutionConfigurationPlatforms) = preSolution
		Debug|Any CPU = Debug|Any CPU
		Release|Any CPU = Release|Any CPU
	EndGlobalSection
	GlobalSection(ProjectConfigurationPlatforms) = postSolution
		{B0DCB8F5-C590-4FD3-9B5C-C1E7D4512C6B}.Debug|Any CPU.ActiveCfg = Debug|Any CPU
		{B0DCB8F5-C590-4FD3-9B5C-C1E7D4512C6B}.Debug|Any CPU.Build.0 = Debug|Any CPU
		{B0DCB8F5-C590-4FD3-9B5C-C1E7D4512C6B}.Release|Any CPU.ActiveCfg = Release|Any CPU
		{B0DCB8F5-C590-4FD3-9B5C-C1E7D4512C6B}.Release|Any CPU.Build.0 = Release|Any CPU
	EndGlobalSection
	GlobalSection(SolutionProperties) = preSolution
		HideSolutionNode = FALSE
	EndGlobalSection
	GlobalSection(ExtensibilityGlobals) = postSolution
		SolutionGuid = {5052E3EF-F73F-45B8-8868-61E47614F953}
	EndGlobalSection
EndGlobal
